
Microsoft Visual Studio Solution File, Format Version 12.00
# Visual Studio Version 16
VisualStudioVersion = 16.0.31112.23
MinimumVisualStudioVersion = 10.0.40219.1
Project("{FAE04EC0-301F-11D3-BF4B-00C04F79EFBC}") = "ConsoleAppAp7", "ConsoleAppAp7.csproj", "{EF9C858F-3CC9-4ADD-9CF6-2A7786F6CD8B}"
EndProject
Global
	GlobalSection(SolutionConfigurationPlatforms) = preSolution
		Debug|Any CPU = Debug|Any CPU
		Release|Any CPU = Release|Any CPU
	EndGlobalSection
	GlobalSection(ProjectConfigurationPlatforms) = postSolution
		{EF9C858F-3CC9-4ADD-9CF6-2A7786F6CD8B}.Debug|Any CPU.ActiveCfg = Debug|Any CPU
		{EF9C858F-3CC9-4ADD-9CF6-2A7786F6CD8B}.Debug|Any CPU.Build.0 = Debug|Any CPU
		{EF9C858F-3CC9-4ADD-9CF6-2A7786F6CD8B}.Release|Any CPU.ActiveCfg = Release|Any CPU
		{EF9C858F-3CC9-4ADD-9CF6-2A7786F6CD8B}.Release|Any CPU.Build.0 = Release|Any CPU
	EndGlobalSection
	GlobalSection(SolutionProperties) = preSolution
		HideSolutionNode = FALSE
	EndGlobalSection
	GlobalSection(ExtensibilityGlobals) = postSolution
		SolutionGuid = {BEEAC6B2-0162-4325-96CB-C2BD91106C12}
	EndGlobalSection
EndGlobal
